<?xml version="1.0" encoding="utf-8"?>
<Project ToolsVersion="4.0" xmlns="http://schemas.microsoft.com/developer/msbuild/2003">
  <ItemGroup>
    <Filter Include="Source Files">
      <UniqueIdentifier>{4FC737F1-C7A5-4376-A066-2A32D752A2FF}</UniqueIdentifier>
      <Extensions>cpp;c;cc;cxx;c++;cppm;ixx;def;odl;idl;hpj;bat;asm;asmx</Extensions>
    </Filter>
    <Filter Include="Header Files">
      <UniqueIdentifier>{93995380-89BD-4b04-88EB-625FBE52EBFB}</UniqueIdentifier>
      <Extensions>h;hh;hpp;hxx;h++;hm;inl;inc;ipp;xsd</Extensions>
    </Filter>
    <Filter Include="Resource Files">
      <UniqueIdentifier>{67DA6AB6-F800-4c08-8B7A-83BB121AAD01}</UniqueIdentifier>
      <Extensions>rc;ico;cur;bmp;dlg;rc2;rct;bin;rgs;gif;jpg;jpeg;jpe;resx;tiff;tif;png;wav;mfcribbon-ms</Extensions>
    </Filter>
    <Filter Include="Header Files\Animation">
      <UniqueIdentifier>{61802181-5b4c-44f4-9dc5-15b51ff10cdf}</UniqueIdentifier>
    </Filter>
    <Filter Include="Header Files\Object">
      <UniqueIdentifier>{ffd2c110-6606-46fe-9415-43d6cdd6962b}</UniqueIdentifier>
    </Filter>
    <Filter Include="Header Files\Object\Brick">
      <UniqueIdentifier>{ef1197b2-0119-408e-9327-d05ec6fd23c9}</UniqueIdentifier>
    </Filter>
    <Filter Include="Header Files\Object\Items">
      <UniqueIdentifier>{06c2c0cb-91b1-4955-80f6-fb98c1d7be73}</UniqueIdentifier>
    </Filter>
    <Filter Include="Header Files\Object\Enemies">
      <UniqueIdentifier>{cdef4d00-4bdc-4248-a0a9-404cb7d26172}</UniqueIdentifier>
    </Filter>
    <Filter Include="Header Files\Object\Mario">
      <UniqueIdentifier>{ed8fb028-17a8-49e5-b8b4-0e571c69f8c1}</UniqueIdentifier>
    </Filter>
    <Filter Include="Header Files\Map">
      <UniqueIdentifier>{00579dc2-a2af-4961-9157-5d625318bf55}</UniqueIdentifier>
    </Filter>
    <Filter Include="Header Files\HUD">
      <UniqueIdentifier>{901ef1cf-d4e5-4d85-a625-a8f40b3716b8}</UniqueIdentifier>
    </Filter>
    <Filter Include="Header Files\Object\Enemies\Goomba">
      <UniqueIdentifier>{2826bc92-58ba-40c3-9357-83a0cd46c85c}</UniqueIdentifier>
    </Filter>
    <Filter Include="Header Files\Object\Enemies\Koopa">
      <UniqueIdentifier>{3cf7630f-d62b-499e-a8c0-950228c74816}</UniqueIdentifier>
    </Filter>
  </ItemGroup>
  <ItemGroup>
    <None Include="packages.config" />
  </ItemGroup>
  <ItemGroup>
    <ClCompile Include="main.cpp">
      <Filter>Source Files</Filter>
    </ClCompile>
    <ClCompile Include="debug.cpp">
      <Filter>Source Files</Filter>
    </ClCompile>
    <ClCompile Include="Platform.cpp">
      <Filter>Source Files</Filter>
    </ClCompile>
    <ClCompile Include="SampleKeyEventHandler.cpp">
      <Filter>Source Files</Filter>
    </ClCompile>
    <ClCompile Include="PlayScene.cpp">
      <Filter>Source Files</Filter>
    </ClCompile>
    <ClCompile Include="Utils.cpp">
      <Filter>Source Files</Filter>
    </ClCompile>
    <ClCompile Include="Portal.cpp">
      <Filter>Source Files</Filter>
    </ClCompile>
    <ClCompile Include="Game.cpp">
      <Filter>Source Files</Filter>
    </ClCompile>
    <ClCompile Include="GameObject.cpp">
      <Filter>Header Files\Object</Filter>
    </ClCompile>
    <ClCompile Include="Collision.cpp">
      <Filter>Source Files</Filter>
    </ClCompile>
    <ClCompile Include="Brick.cpp">
      <Filter>Header Files\Object\Brick</Filter>
    </ClCompile>
    <ClCompile Include="Coin.cpp">
      <Filter>Header Files\Object\Items</Filter>
    </ClCompile>
    <ClCompile Include="Mario.cpp">
      <Filter>Header Files\Object\Mario</Filter>
    </ClCompile>
    <ClCompile Include="Animation.cpp">
      <Filter>Header Files\Animation</Filter>
    </ClCompile>
    <ClCompile Include="Animations.cpp">
      <Filter>Header Files\Animation</Filter>
    </ClCompile>
    <ClCompile Include="Sprite.cpp">
      <Filter>Header Files\Animation</Filter>
    </ClCompile>
    <ClCompile Include="Sprites.cpp">
      <Filter>Header Files\Animation</Filter>
    </ClCompile>
    <ClCompile Include="Textures.cpp">
      <Filter>Header Files\Animation</Filter>
    </ClCompile>
    <ClCompile Include="Map.cpp">
      <Filter>Header Files\Map</Filter>
    </ClCompile>
    <ClCompile Include="HUD.h">
      <Filter>Header Files\HUD</Filter>
    </ClCompile>
    <ClCompile Include="Font.cpp">
      <Filter>Header Files\HUD</Filter>
    </ClCompile>
    <ClCompile Include="Power.cpp">
      <Filter>Header Files\HUD</Filter>
    </ClCompile>
    <ClCompile Include="Goomba.cpp">
      <Filter>Header Files\Object\Enemies\Goomba</Filter>
    </ClCompile>
    <ClCompile Include="GoombaFly.cpp">
      <Filter>Header Files\Object\Enemies\Goomba</Filter>
    </ClCompile>
    <ClCompile Include="Koopa.cpp">
      <Filter>Header Files\Object\Enemies\Koopa</Filter>
    </ClCompile>
  </ItemGroup>
  <ItemGroup>
    <ClInclude Include="AssetIDs.h">
      <Filter>Header Files</Filter>
    </ClInclude>
    <ClInclude Include="Collision.h">
      <Filter>Header Files</Filter>
    </ClInclude>
    <ClInclude Include="debug.h">
      <Filter>Header Files</Filter>
    </ClInclude>
    <ClInclude Include="Game.h">
      <Filter>Header Files</Filter>
    </ClInclude>
    <ClInclude Include="KeyEventHandler.h">
      <Filter>Header Files</Filter>
    </ClInclude>
    <ClInclude Include="Platform.h">
      <Filter>Header Files</Filter>
    </ClInclude>
    <ClInclude Include="SampleKeyEventHandler.h">
      <Filter>Header Files</Filter>
    </ClInclude>
    <ClInclude Include="Scene.h">
      <Filter>Header Files</Filter>
    </ClInclude>
    <ClInclude Include="PlayScene.h">
      <Filter>Header Files</Filter>
    </ClInclude>
    <ClInclude Include="Utils.h">
      <Filter>Header Files</Filter>
    </ClInclude>
    <ClInclude Include="Portal.h">
      <Filter>Header Files</Filter>
    </ClInclude>
    <ClInclude Include="Animation.h">
      <Filter>Header Files\Animation</Filter>
    </ClInclude>
    <ClInclude Include="AnimationFrame.h">
      <Filter>Header Files\Animation</Filter>
    </ClInclude>
    <ClInclude Include="Animations.h">
      <Filter>Header Files\Animation</Filter>
    </ClInclude>
    <ClInclude Include="Sprite.h">
      <Filter>Header Files\Animation</Filter>
    </ClInclude>
    <ClInclude Include="Sprites.h">
      <Filter>Header Files\Animation</Filter>
    </ClInclude>
    <ClInclude Include="Texture.h">
      <Filter>Header Files\Animation</Filter>
    </ClInclude>
    <ClInclude Include="Textures.h">
      <Filter>Header Files\Animation</Filter>
    </ClInclude>
    <ClInclude Include="GameObject.h">
      <Filter>Header Files\Object</Filter>
    </ClInclude>
    <ClInclude Include="Brick.h">
      <Filter>Header Files\Object\Brick</Filter>
    </ClInclude>
    <ClInclude Include="Coin.h">
      <Filter>Header Files\Object\Items</Filter>
    </ClInclude>
    <ClInclude Include="Mario.h">
      <Filter>Header Files\Object\Mario</Filter>
    </ClInclude>
    <ClInclude Include="Map.h">
      <Filter>Header Files\Map</Filter>
    </ClInclude>
    <ClInclude Include="HUD.cpp">
      <Filter>Header Files\HUD</Filter>
    </ClInclude>
    <ClInclude Include="Font.h">
      <Filter>Header Files\HUD</Filter>
    </ClInclude>
    <ClInclude Include="Power.h">
      <Filter>Header Files\HUD</Filter>
    </ClInclude>
    <ClInclude Include="Goomba.h">
      <Filter>Header Files\Object\Enemies\Goomba</Filter>
    </ClInclude>
    <ClInclude Include="GoombaFly.h">
      <Filter>Header Files\Object\Enemies\Goomba</Filter>
    </ClInclude>
    <ClInclude Include="Koopa.h">
      <Filter>Header Files\Object\Enemies\Koopa</Filter>
    </ClInclude>
  </ItemGroup>
</Project>